
Microsoft Visual Studio Solution File, Format Version 12.00
# Visual Studio Version 16
VisualStudioVersion = 16.0.29519.87
MinimumVisualStudioVersion = 10.0.40219.1
Project("{8BC9CEB8-8B4A-11D0-8D11-00A0C91BC942}") = "Trie", "Trie\Trie.vcxproj", "{D5C42F61-B8BF-4124-9878-B86EEA279159}"
EndProject
Global
	GlobalSection(SolutionConfigurationPlatforms) = preSolution
		Debug|x64 = Debug|x64
		Debug|x86 = Debug|x86
		Release|x64 = Release|x64
		Release|x86 = Release|x86
	EndGlobalSection
	GlobalSection(ProjectConfigurationPlatforms) = postSolution
		{D5C42F61-B8BF-4124-9878-B86EEA279159}.Debug|x64.ActiveCfg = Debug|x64
		{D5C42F61-B8BF-4124-9878-B86EEA279159}.Debug|x64.Build.0 = Debug|x64
		{D5C42F61-B8BF-4124-9878-B86EEA279159}.Debug|x86.ActiveCfg = Debug|Win32
		{D5C42F61-B8BF-4124-9878-B86EEA279159}.Debug|x86.Build.0 = Debug|Win32
		{D5C42F61-B8BF-4124-9878-B86EEA279159}.Release|x64.ActiveCfg = Release|x64
		{D5C42F61-B8BF-4124-9878-B86EEA279159}.Release|x64.Build.0 = Release|x64
		{D5C42F61-B8BF-4124-9878-B86EEA279159}.Release|x86.ActiveCfg = Release|Win32
		{D5C42F61-B8BF-4124-9878-B86EEA279159}.Release|x86.Build.0 = Release|Win32
	EndGlobalSection
	GlobalSection(SolutionProperties) = preSolution
		HideSolutionNode = FALSE
	EndGlobalSection
	GlobalSection(ExtensibilityGlobals) = postSolution
		SolutionGuid = {85050A2D-F9DB-4624-AF4E-C3AB4913E539}
	EndGlobalSection
EndGlobal
